Microsoft Visual Studio Solution File, Format Version 12.00
# Visual Studio Version 17
VisualStudioVersion = 17.5.2.0
MinimumVisualStudioVersion = 10.0.40219.1
Project("{FAE04EC0-301F-11D3-BF4B-00C04F79EFBC}") = "estacionamento_evy", "estacionamento_evy.csproj", "{D6065065-4062-DD83-AED0-583DEC19C6BC}"
EndProject
Global
	GlobalSection(SolutionConfigurationPlatforms) = preSolution
		Debug|Any CPU = Debug|Any CPU
		Release|Any CPU = Release|Any CPU
	EndGlobalSection
	GlobalSection(ProjectConfigurationPlatforms) = postSolution
		{D6065065-4062-DD83-AED0-583DEC19C6BC}.Debug|Any CPU.ActiveCfg = Debug|Any CPU
		{D6065065-4062-DD83-AED0-583DEC19C6BC}.Debug|Any CPU.Build.0 = Debug|Any CPU
		{D6065065-4062-DD83-AED0-583DEC19C6BC}.Release|Any CPU.ActiveCfg = Release|Any CPU
		{D6065065-4062-DD83-AED0-583DEC19C6BC}.Release|Any CPU.Build.0 = Release|Any CPU
	EndGlobalSection
	GlobalSection(SolutionProperties) = preSolution
		HideSolutionNode = FALSE
	EndGlobalSection
	GlobalSection(ExtensibilityGlobals) = postSolution
		SolutionGuid = {6385B855-A726-4E66-9EC5-C9435B230A7A}
	EndGlobalSection
EndGlobal
